
Microsoft Visual Studio Solution File, Format Version 12.00
Project("{FAE04EC0-301F-11D3-BF4B-00C04F79EFBC}") = "Subscription", "Subscription\Subscription.csproj", "{8F828301-80CE-4165-AD68-50BA2BABDA53}"
EndProject
Global
	GlobalSection(SolutionConfigurationPlatforms) = preSolution
		Debug|Any CPU = Debug|Any CPU
		Release|Any CPU = Release|Any CPU
	EndGlobalSection
	GlobalSection(ProjectConfigurationPlatforms) = postSolution
		{8F828301-80CE-4165-AD68-50BA2BABDA53}.Debug|Any CPU.ActiveCfg = Debug|Any CPU
		{8F828301-80CE-4165-AD68-50BA2BABDA53}.Debug|Any CPU.Build.0 = Debug|Any CPU
		{8F828301-80CE-4165-AD68-50BA2BABDA53}.Release|Any CPU.ActiveCfg = Release|Any CPU
		{8F828301-80CE-4165-AD68-50BA2BABDA53}.Release|Any CPU.Build.0 = Release|Any CPU
	EndGlobalSection
EndGlobal
